dependencies:
- name: kube-prometheus-stack
  repository: https://prometheus-community.github.io/helm-charts
  version: 87.15.1
- name: loki-stack
  repository: https://grafana.github.io/helm-charts
  version: 2.10.3
- name: alloy
  repository: https://grafana.github.io/helm-charts
  version: 1.10.1
digest: sha256:923eb2ebc81ebe5e3c47108fa5675e3db564279597f6fc32d39e576a2dcd861b
generated: "2026-07-16T22:42:09.241691+02:00"
